
Microsoft Visual Studio Solution File, Format Version 12.00
# Visual Studio Version 16
VisualStudioVersion = 16.0.28803.452
MinimumVisualStudioVersion = 10.0.40219.1
Project("{FAE04EC0-301F-11D3-BF4B-00C04F79EFBC}") = "SuperTimeSheet", "SuperTimeSheet\SuperTimeSheet.csproj", "{A9956807-397F-43DE-8CA2-B5777C23E67C}"
EndProject
Global
	GlobalSection(SolutionConfigurationPlatforms) = preSolution
		Debug|Any CPU = Debug|Any CPU
		Release|Any CPU = Release|Any CPU
	EndGlobalSection
	GlobalSection(ProjectConfigurationPlatforms) = postSolution
		{A9956807-397F-43DE-8CA2-B5777C23E67C}.Debug|Any CPU.ActiveCfg = Debug|Any CPU
		{A9956807-397F-43DE-8CA2-B5777C23E67C}.Debug|Any CPU.Build.0 = Debug|Any CPU
		{A9956807-397F-43DE-8CA2-B5777C23E67C}.Release|Any CPU.ActiveCfg = Release|Any CPU
		{A9956807-397F-43DE-8CA2-B5777C23E67C}.Release|Any CPU.Build.0 = Release|Any CPU
	EndGlobalSection
	GlobalSection(SolutionProperties) = preSolution
		HideSolutionNode = FALSE
	EndGlobalSection
	GlobalSection(ExtensibilityGlobals) = postSolution
		SolutionGuid = {8B19CF87-7568-47DE-916A-AB4E99BCAC14}
	EndGlobalSection
EndGlobal
